{
  "name": "@sadava/websockets",
  "version": "0.1.0",
  "lockfileVersion": 1,
  "requires": true,
  "dependencies": {
    "@sadava/bits": {
      "version": "0.0.3",
      "resolved": "https://registry.npmjs.org/@sadava/bits/-/bits-0.0.3.tgz",
      "integrity": "sha512-taCqLPB98LAPlx8qsms+XhZ7NxxAfzirerWnERIT7YVAyOTCc+r3rlLwRp75FKhRKXYkHZR6dablTuQlbEjMmw=="
    },
    "@sadava/eventlistener": {
      "version": "0.1.0",
      "resolved": "https://registry.npmjs.org/@sadava/eventlistener/-/eventlistener-0.1.0.tgz",
      "integrity": "sha512-f66lTurloZakrcDEzJ5CqJnh2f6aCiX0YmrH+n0DoJHOHZJ3A25H0WUgHUpMxoCbg+TohgXKJG+4JxKOqGhJrA=="
    }
  }
}
